
Microsoft Visual Studio Solution File, Format Version 12.00
# Visual Studio Version 16
VisualStudioVersion = 16.0.29215.179
MinimumVisualStudioVersion = 10.0.40219.1
Project("{FAE04EC0-301F-11D3-BF4B-00C04F79EFBC}") = "TFLK_lab_1_", "TFLK_lab_1_\TFLK_lab_1_.csproj", "{BD9CF0CC-61FF-408B-8AB6-FF0DDBD851C7}"
EndProject
Global
	GlobalSection(SolutionConfigurationPlatforms) = preSolution
		Debug|Any CPU = Debug|Any CPU
		Release|Any CPU = Release|Any CPU
	EndGlobalSection
	GlobalSection(ProjectConfigurationPlatforms) = postSolution
		{BD9CF0CC-61FF-408B-8AB6-FF0DDBD851C7}.Debug|Any CPU.ActiveCfg = Debug|Any CPU
		{BD9CF0CC-61FF-408B-8AB6-FF0DDBD851C7}.Debug|Any CPU.Build.0 = Debug|Any CPU
		{BD9CF0CC-61FF-408B-8AB6-FF0DDBD851C7}.Release|Any CPU.ActiveCfg = Release|Any CPU
		{BD9CF0CC-61FF-408B-8AB6-FF0DDBD851C7}.Release|Any CPU.Build.0 = Release|Any CPU
	EndGlobalSection
	GlobalSection(SolutionProperties) = preSolution
		HideSolutionNode = FALSE
	EndGlobalSection
	GlobalSection(ExtensibilityGlobals) = postSolution
		SolutionGuid = {A3A6F0D9-95CC-4B21-838E-A1B4394CD0C6}
	EndGlobalSection
EndGlobal
