
Microsoft Visual Studio Solution File, Format Version 12.00
# Visual Studio Version 16
VisualStudioVersion = 16.0.30517.126
MinimumVisualStudioVersion = 10.0.40219.1
Project("{FAE04EC0-301F-11D3-BF4B-00C04F79EFBC}") = "LabCP_2", "LabCP_2\LabCP_2.csproj", "{A9A1A400-91A7-4E82-ABE1-2FA2075708B8}"
EndProject
Global
	GlobalSection(SolutionConfigurationPlatforms) = preSolution
		Debug|Any CPU = Debug|Any CPU
		Release|Any CPU = Release|Any CPU
	EndGlobalSection
	GlobalSection(ProjectConfigurationPlatforms) = postSolution
		{A9A1A400-91A7-4E82-ABE1-2FA2075708B8}.Debug|Any CPU.ActiveCfg = Debug|Any CPU
		{A9A1A400-91A7-4E82-ABE1-2FA2075708B8}.Debug|Any CPU.Build.0 = Debug|Any CPU
		{A9A1A400-91A7-4E82-ABE1-2FA2075708B8}.Release|Any CPU.ActiveCfg = Release|Any CPU
		{A9A1A400-91A7-4E82-ABE1-2FA2075708B8}.Release|Any CPU.Build.0 = Release|Any CPU
	EndGlobalSection
	GlobalSection(SolutionProperties) = preSolution
		HideSolutionNode = FALSE
	EndGlobalSection
	GlobalSection(ExtensibilityGlobals) = postSolution
		SolutionGuid = {057D80E4-763F-4518-8DA3-15D1AE7DA3D2}
	EndGlobalSection
EndGlobal
